<?xml version="1.0" encoding="utf-8"?>
<Project ToolsVersion="4.0" xmlns="http://schemas.microsoft.com/developer/msbuild/2003">
  <ItemGroup>
    <Filter Include="Source Files">
      <UniqueIdentifier>{4FC737F1-C7A5-4376-A066-2A32D752A2FF}</UniqueIdentifier>
      <Extensions>cpp;c;cc;cxx;def;odl;idl;hpj;bat;asm;asmx</Extensions>
    </Filter>
    <Filter Include="Header Files">
      <UniqueIdentifier>{93995380-89BD-4b04-88EB-625FBE52EBFB}</UniqueIdentifier>
      <Extensions>h;hh;hpp;hxx;hm;inl;inc;xsd</Extensions>
    </Filter>
    <Filter Include="Resource Files">
      <UniqueIdentifier>{67DA6AB6-F800-4c08-8B7A-83BB121AAD01}</UniqueIdentifier>
      <Extensions>rc;ico;cur;bmp;dlg;rc2;rct;bin;rgs;gif;jpg;jpeg;jpe;resx;tiff;tif;png;wav;mfcribbon-ms</Extensions>
    </Filter>
  </ItemGroup>
  <ItemGroup>
    <ClCompile Include="VulkanCore\vulkan_validation.cpp">
      <Filter>Source Files</Filter>
    </ClCompile>
    <ClCompile Include="utility\file_log.cpp">
      <Filter>Source Files</Filter>
    </ClCompile>
    <ClCompile Include="main.cpp">
      <Filter>Source Files</Filter>
    </ClCompile>
    <ClCompile Include="VulkanCore\vulkan_tools.cpp">
      <Filter>Source Files</Filter>
    </ClCompile>
    <ClCompile Include="VulkanCore\vulkan_utility.cpp">
      <Filter>Source Files</Filter>
    </ClCompile>
    <ClCompile Include="VulkanCore\Vulkan_terrain.cpp">
      <Filter>Source Files</Filter>
    </ClCompile>
    <ClCompile Include="VulkanCore\Vulkan_shadow.cpp">
      <Filter>Source Files</Filter>
    </ClCompile>
    <ClCompile Include="Engine\engine.cpp">
      <Filter>Source Files</Filter>
    </ClCompile>
    <ClCompile Include="Engine\World.cpp">
      <Filter>Source Files</Filter>
    </ClCompile>
    <ClCompile Include="ComponentManagers\ComponentManager.cpp">
      <Filter>Source Files</Filter>
    </ClCompile>
    <ClCompile Include="ComponentManagers\PhysicsComponentManager.cpp">
      <Filter>Source Files</Filter>
    </ClCompile>
    <ClCompile Include="ComponentManagers\TransformComponentManager.cpp">
      <Filter>Source Files</Filter>
    </ClCompile>
    <ClCompile Include="utility\serialisation.cpp">
      <Filter>Source Files</Filter>
    </ClCompile>
    <ClCompile Include="Engine\ObjectResourceManager.cpp">
      <Filter>Source Files</Filter>
    </ClCompile>
    <ClCompile Include="Engine\ObjectManager.cpp">
      <Filter>Source Files</Filter>
    </ClCompile>
    <ClCompile Include="Engine\Object.cpp">
      <Filter>Source Files</Filter>
    </ClCompile>
    <ClCompile Include="ComponentManagers\MeshComponentManager.cpp">
      <Filter>Source Files</Filter>
    </ClCompile>
    <ClCompile Include="VulkanCore\VulkanModule.cpp">
      <Filter>Source Files</Filter>
    </ClCompile>
    <ClCompile Include="ComponentManagers\AnimationComponentManager.cpp">
      <Filter>Source Files</Filter>
    </ClCompile>
    <ClCompile Include="VulkanCore\VulkanDeferred.cpp">
      <Filter>Source Files</Filter>
    </ClCompile>
    <ClCompile Include="ComponentManagers\LightComponentManager.cpp">
      <Filter>Source Files</Filter>
    </ClCompile>
    <ClCompile Include="VulkanCore\VulkanIBL.cpp">
      <Filter>Source Files</Filter>
    </ClCompile>
    <ClCompile Include="VulkanCore\VulkanPBR.cpp">
      <Filter>Source Files</Filter>
    </ClCompile>
    <ClCompile Include="VulkanCore\VulkanSkybox.cpp">
      <Filter>Source Files</Filter>
    </ClCompile>
    <ClCompile Include="VulkanCore\VulkanModel.cpp">
      <Filter>Source Files</Filter>
    </ClCompile>
    <ClCompile Include="VulkanCore\VulkanWater.cpp">
      <Filter>Source Files</Filter>
    </ClCompile>
    <ClCompile Include="utility\RandomNumber.cpp">
      <Filter>Source Files</Filter>
    </ClCompile>
    <ClCompile Include="VulkanCore\TerrainUtility.cpp">
      <Filter>Source Files</Filter>
    </ClCompile>
    <ClCompile Include="VulkanCore\VulkanTexture.cpp">
      <Filter>Source Files</Filter>
    </ClCompile>
    <ClCompile Include="VulkanCore\VulkanRenderPass.cpp">
      <Filter>Source Files</Filter>
    </ClCompile>
    <ClCompile Include="VulkanCore\vkFFT.cpp">
      <Filter>Source Files</Filter>
    </ClCompile>
    <ClCompile Include="VulkanCore\VkMemoryManager.cpp">
      <Filter>Source Files</Filter>
    </ClCompile>
    <ClCompile Include="VulkanCore\VkPostProcess.cpp">
      <Filter>Source Files</Filter>
    </ClCompile>
    <ClCompile Include="VulkanCore\VkDescriptors.cpp">
      <Filter>Source Files</Filter>
    </ClCompile>
    <ClCompile Include="VulkanCore\VulkanGUI.cpp">
      <Filter>Source Files</Filter>
    </ClCompile>
    <ClCompile Include="imgui.cpp">
      <Filter>Source Files</Filter>
    </ClCompile>
    <ClCompile Include="imgui_demo.cpp">
      <Filter>Source Files</Filter>
    </ClCompile>
    <ClCompile Include="imgui_draw.cpp">
      <Filter>Source Files</Filter>
    </ClCompile>
    <ClCompile Include="VulkanCore\VkSwapChain.cpp">
      <Filter>Source Files</Filter>
    </ClCompile>
    <ClCompile Include="VulkanCore\VulkanInstance.cpp">
      <Filter>Source Files</Filter>
    </ClCompile>
    <ClCompile Include="VulkanCore\VulkanDevice.cpp">
      <Filter>Source Files</Filter>
    </ClCompile>
    <ClCompile Include="Engine\Omega_Global.cpp">
      <Filter>Source Files</Filter>
    </ClCompile>
    <ClCompile Include="VulkanCore\VkRenderManager.cpp">
      <Filter>Source Files</Filter>
    </ClCompile>
    <ClCompile Include="VulkanCore\Vulkan_Global.cpp">
      <Filter>Source Files</Filter>
    </ClCompile>
    <ClCompile Include="Engine\SceneParser.cpp">
      <Filter>Source Files</Filter>
    </ClCompile>
    <ClCompile Include="Engine\Space.cpp">
      <Filter>Source Files</Filter>
    </ClCompile>
    <ClCompile Include="Engine\Camera.cpp">
      <Filter>Source Files</Filter>
    </ClCompile>
    <ClCompile Include="utility\GeneralUtil.cpp">
      <Filter>Source Files</Filter>
    </ClCompile>
    <ClCompile Include="Managers\FileManager.cpp">
      <Filter>Source Files</Filter>
    </ClCompile>
    <ClCompile Include="Managers\InputManager.cpp">
      <Filter>Source Files</Filter>
    </ClCompile>
    <ClCompile Include="Managers\EventManager.cpp">
      <Filter>Source Files</Filter>
    </ClCompile>
  </ItemGroup>
  <ItemGroup>
    <ClInclude Include="VulkanCore\vulkan_validation.h">
      <Filter>Header Files</Filter>
    </ClInclude>
    <ClInclude Include="utility\file_log.h">
      <Filter>Header Files</Filter>
    </ClInclude>
    <ClInclude Include="VulkanCore\vulkan_tools.h">
      <Filter>Header Files</Filter>
    </ClInclude>
    <ClInclude Include="VulkanCore\vulkan_utility.h">
      <Filter>Header Files</Filter>
    </ClInclude>
    <ClInclude Include="VulkanCore\Vulkan_shadow.h">
      <Filter>Header Files</Filter>
    </ClInclude>
    <ClInclude Include="Engine\World.h">
      <Filter>Header Files</Filter>
    </ClInclude>
    <ClInclude Include="Engine\engine.h">
      <Filter>Header Files</Filter>
    </ClInclude>
    <ClInclude Include="VulkanCore\vulkan_terrain.h">
      <Filter>Header Files</Filter>
    </ClInclude>
    <ClInclude Include="ComponentManagers\ComponentManager.h">
      <Filter>Header Files</Filter>
    </ClInclude>
    <ClInclude Include="ComponentManagers\PhysicsComponentManager.h">
      <Filter>Header Files</Filter>
    </ClInclude>
    <ClInclude Include="ComponentManagers\TransformComponentManager.h">
      <Filter>Header Files</Filter>
    </ClInclude>
    <ClInclude Include="utility\serialisation.h">
      <Filter>Header Files</Filter>
    </ClInclude>
    <ClInclude Include="Engine\ObjectResourceManager.h">
      <Filter>Header Files</Filter>
    </ClInclude>
    <ClInclude Include="Engine\ObjectManager.h">
      <Filter>Header Files</Filter>
    </ClInclude>
    <ClInclude Include="Engine\Object.h">
      <Filter>Header Files</Filter>
    </ClInclude>
    <ClInclude Include="ComponentManagers\MeshComponentManager.h">
      <Filter>Header Files</Filter>
    </ClInclude>
    <ClInclude Include="VulkanCore\VulkanModule.h">
      <Filter>Header Files</Filter>
    </ClInclude>
    <ClInclude Include="ComponentManagers\AnimationComponentManager.h">
      <Filter>Header Files</Filter>
    </ClInclude>
    <ClInclude Include="VulkanCore\VulkanDeferred.h">
      <Filter>Header Files</Filter>
    </ClInclude>
    <ClInclude Include="ComponentManagers\LightComponentManager.h">
      <Filter>Header Files</Filter>
    </ClInclude>
    <ClInclude Include="VulkanCore\VulkanIBL.h">
      <Filter>Header Files</Filter>
    </ClInclude>
    <ClInclude Include="VulkanCore\VulkanPBR.h">
      <Filter>Header Files</Filter>
    </ClInclude>
    <ClInclude Include="VulkanCore\VulkanSkybox.h">
      <Filter>Header Files</Filter>
    </ClInclude>
    <ClInclude Include="VulkanCore\VulkanModel.h">
      <Filter>Header Files</Filter>
    </ClInclude>
    <ClInclude Include="VulkanCore\VulkanWater.h">
      <Filter>Header Files</Filter>
    </ClInclude>
    <ClInclude Include="utility\RandomNumber.h">
      <Filter>Header Files</Filter>
    </ClInclude>
    <ClInclude Include="VulkanCore\TerrainUtility.h">
      <Filter>Header Files</Filter>
    </ClInclude>
    <ClInclude Include="VulkanCore\VulkanTexture.h">
      <Filter>Header Files</Filter>
    </ClInclude>
    <ClInclude Include="VulkanCore\VulkanRenderPass.h">
      <Filter>Header Files</Filter>
    </ClInclude>
    <ClInclude Include="VulkanCore\vkFFT.h">
      <Filter>Header Files</Filter>
    </ClInclude>
    <ClInclude Include="VulkanCore\VkMemoryManager.h">
      <Filter>Header Files</Filter>
    </ClInclude>
    <ClInclude Include="VulkanCore\VkPostProcess.h">
      <Filter>Header Files</Filter>
    </ClInclude>
    <ClInclude Include="VulkanCore\VkDescriptors.h">
      <Filter>Header Files</Filter>
    </ClInclude>
    <ClInclude Include="VulkanCore\VulkanGUI.h">
      <Filter>Header Files</Filter>
    </ClInclude>
    <ClInclude Include="imgui.h">
      <Filter>Header Files</Filter>
    </ClInclude>
    <ClInclude Include="imconfig.h">
      <Filter>Header Files</Filter>
    </ClInclude>
    <ClInclude Include="imgui_internal.h">
      <Filter>Header Files</Filter>
    </ClInclude>
    <ClInclude Include="VulkanCore\VkSwapChain.h">
      <Filter>Header Files</Filter>
    </ClInclude>
    <ClInclude Include="VulkanCore\VulkanDevice.h">
      <Filter>Header Files</Filter>
    </ClInclude>
    <ClInclude Include="VulkanCore\VulkanInstance.h">
      <Filter>Header Files</Filter>
    </ClInclude>
    <ClInclude Include="Engine\Omega_Global.h">
      <Filter>Header Files</Filter>
    </ClInclude>
    <ClInclude Include="VulkanCore\VkRenderManager.h">
      <Filter>Header Files</Filter>
    </ClInclude>
    <ClInclude Include="VulkanCore\Vulkan_Global.h">
      <Filter>Header Files</Filter>
    </ClInclude>
    <ClInclude Include="Engine\SceneParser.h">
      <Filter>Header Files</Filter>
    </ClInclude>
    <ClInclude Include="Engine\Space.h">
      <Filter>Header Files</Filter>
    </ClInclude>
    <ClInclude Include="Engine\Camera.h">
      <Filter>Header Files</Filter>
    </ClInclude>
    <ClInclude Include="utility\GeneralUtil.h">
      <Filter>Header Files</Filter>
    </ClInclude>
    <ClInclude Include="Managers\EventManager.h">
      <Filter>Header Files</Filter>
    </ClInclude>
    <ClInclude Include="Managers\FileManager.h">
      <Filter>Header Files</Filter>
    </ClInclude>
    <ClInclude Include="Managers\InputManager.h">
      <Filter>Header Files</Filter>
    </ClInclude>
  </ItemGroup>
</Project>